
Microsoft Visual Studio Solution File, Format Version 12.00
# Visual Studio Version 16
VisualStudioVersion = 16.0.28922.388
MinimumVisualStudioVersion = 10.0.40219.1
Project("{9A19103F-16F7-4668-BE54-9A1E7A4F7556}") = "ImageTransform.Api", "Kontur.ImageTransformer\ImageTransform.Api.csproj", "{9801585B-D1AA-4078-B9C4-7B7F8883E55E}"
EndProject
Project("{9A19103F-16F7-4668-BE54-9A1E7A4F7556}") = "ImageTransform.Unit.Tests", "ImageTransformerTests\ImageTransform.Unit.Tests.csproj", "{41852CBB-1B67-4187-B8B4-0C230E380501}"
EndProject
Project("{9A19103F-16F7-4668-BE54-9A1E7A4F7556}") = "ImageTransform.Monitoring", "ImageTransform.Monitoring\ImageTransform.Monitoring.csproj", "{EF347F85-1EDA-4016-8D65-4F5E7C7BE59E}"
EndProject
Project("{9A19103F-16F7-4668-BE54-9A1E7A4F7556}") = "ImageTransform.Client", "ImageTransfom.Client\ImageTransform.Client.csproj", "{EB7BC531-EB19-4218-AEAD-49311F0C919F}"
EndProject
Project("{9A19103F-16F7-4668-BE54-9A1E7A4F7556}") = "ImageTransform.Client.Models", "ImageTransform.Client.Models\ImageTransform.Client.Models.csproj", "{6DFAFDEF-9EF0-40F2-AA49-C7ECFD1A93C2}"
EndProject
Global
	GlobalSection(SolutionConfigurationPlatforms) = preSolution
		Debug|Any CPU = Debug|Any CPU
		Debug|x64 = Debug|x64
		Release|Any CPU = Release|Any CPU
		Release|x64 = Release|x64
		unsafe|Any CPU = unsafe|Any CPU
		unsafe|x64 = unsafe|x64
	EndGlobalSection
	GlobalSection(ProjectConfigurationPlatforms) = postSolution
		{9801585B-D1AA-4078-B9C4-7B7F8883E55E}.Debug|Any CPU.ActiveCfg = Debug|Any CPU
		{9801585B-D1AA-4078-B9C4-7B7F8883E55E}.Debug|Any CPU.Build.0 = Debug|Any CPU
		{9801585B-D1AA-4078-B9C4-7B7F8883E55E}.Debug|x64.ActiveCfg = Debug|Any CPU
		{9801585B-D1AA-4078-B9C4-7B7F8883E55E}.Debug|x64.Build.0 = Debug|Any CPU
		{9801585B-D1AA-4078-B9C4-7B7F8883E55E}.Release|Any CPU.ActiveCfg = Release|Any CPU
		{9801585B-D1AA-4078-B9C4-7B7F8883E55E}.Release|Any CPU.Build.0 = Release|Any CPU
		{9801585B-D1AA-4078-B9C4-7B7F8883E55E}.Release|x64.ActiveCfg = Release|Any CPU
		{9801585B-D1AA-4078-B9C4-7B7F8883E55E}.Release|x64.Build.0 = Release|Any CPU
		{9801585B-D1AA-4078-B9C4-7B7F8883E55E}.unsafe|Any CPU.ActiveCfg = Release|Any CPU
		{9801585B-D1AA-4078-B9C4-7B7F8883E55E}.unsafe|Any CPU.Build.0 = Release|Any CPU
		{9801585B-D1AA-4078-B9C4-7B7F8883E55E}.unsafe|x64.ActiveCfg = Release|Any CPU
		{9801585B-D1AA-4078-B9C4-7B7F8883E55E}.unsafe|x64.Build.0 = Release|Any CPU
		{41852CBB-1B67-4187-B8B4-0C230E380501}.Debug|Any CPU.ActiveCfg = Debug|Any CPU
		{41852CBB-1B67-4187-B8B4-0C230E380501}.Debug|Any CPU.Build.0 = Debug|Any CPU
		{41852CBB-1B67-4187-B8B4-0C230E380501}.Debug|x64.ActiveCfg = Debug|Any CPU
		{41852CBB-1B67-4187-B8B4-0C230E380501}.Debug|x64.Build.0 = Debug|Any CPU
		{41852CBB-1B67-4187-B8B4-0C230E380501}.Release|Any CPU.ActiveCfg = Release|Any CPU
		{41852CBB-1B67-4187-B8B4-0C230E380501}.Release|Any CPU.Build.0 = Release|Any CPU
		{41852CBB-1B67-4187-B8B4-0C230E380501}.Release|x64.ActiveCfg = Release|Any CPU
		{41852CBB-1B67-4187-B8B4-0C230E380501}.Release|x64.Build.0 = Release|Any CPU
		{41852CBB-1B67-4187-B8B4-0C230E380501}.unsafe|Any CPU.ActiveCfg = Release|Any CPU
		{41852CBB-1B67-4187-B8B4-0C230E380501}.unsafe|Any CPU.Build.0 = Release|Any CPU
		{41852CBB-1B67-4187-B8B4-0C230E380501}.unsafe|x64.ActiveCfg = Release|Any CPU
		{41852CBB-1B67-4187-B8B4-0C230E380501}.unsafe|x64.Build.0 = Release|Any CPU
		{EF347F85-1EDA-4016-8D65-4F5E7C7BE59E}.Debug|Any CPU.ActiveCfg = Debug|Any CPU
		{EF347F85-1EDA-4016-8D65-4F5E7C7BE59E}.Debug|Any CPU.Build.0 = Debug|Any CPU
		{EF347F85-1EDA-4016-8D65-4F5E7C7BE59E}.Debug|x64.ActiveCfg = Debug|Any CPU
		{EF347F85-1EDA-4016-8D65-4F5E7C7BE59E}.Debug|x64.Build.0 = Debug|Any CPU
		{EF347F85-1EDA-4016-8D65-4F5E7C7BE59E}.Release|Any CPU.ActiveCfg = Release|Any CPU
		{EF347F85-1EDA-4016-8D65-4F5E7C7BE59E}.Release|Any CPU.Build.0 = Release|Any CPU
		{EF347F85-1EDA-4016-8D65-4F5E7C7BE59E}.Release|x64.ActiveCfg = Release|Any CPU
		{EF347F85-1EDA-4016-8D65-4F5E7C7BE59E}.Release|x64.Build.0 = Release|Any CPU
		{EF347F85-1EDA-4016-8D65-4F5E7C7BE59E}.unsafe|Any CPU.ActiveCfg = Debug|Any CPU
		{EF347F85-1EDA-4016-8D65-4F5E7C7BE59E}.unsafe|Any CPU.Build.0 = Debug|Any CPU
		{EF347F85-1EDA-4016-8D65-4F5E7C7BE59E}.unsafe|x64.ActiveCfg = Debug|Any CPU
		{EF347F85-1EDA-4016-8D65-4F5E7C7BE59E}.unsafe|x64.Build.0 = Debug|Any CPU
		{EB7BC531-EB19-4218-AEAD-49311F0C919F}.Debug|Any CPU.ActiveCfg = Debug|Any CPU
		{EB7BC531-EB19-4218-AEAD-49311F0C919F}.Debug|Any CPU.Build.0 = Debug|Any CPU
		{EB7BC531-EB19-4218-AEAD-49311F0C919F}.Debug|x64.ActiveCfg = Debug|Any CPU
		{EB7BC531-EB19-4218-AEAD-49311F0C919F}.Debug|x64.Build.0 = Debug|Any CPU
		{EB7BC531-EB19-4218-AEAD-49311F0C919F}.Release|Any CPU.ActiveCfg = Release|Any CPU
		{EB7BC531-EB19-4218-AEAD-49311F0C919F}.Release|Any CPU.Build.0 = Release|Any CPU
		{EB7BC531-EB19-4218-AEAD-49311F0C919F}.Release|x64.ActiveCfg = Release|Any CPU
		{EB7BC531-EB19-4218-AEAD-49311F0C919F}.Release|x64.Build.0 = Release|Any CPU
		{EB7BC531-EB19-4218-AEAD-49311F0C919F}.unsafe|Any CPU.ActiveCfg = Debug|Any CPU
		{EB7BC531-EB19-4218-AEAD-49311F0C919F}.unsafe|Any CPU.Build.0 = Debug|Any CPU
		{EB7BC531-EB19-4218-AEAD-49311F0C919F}.unsafe|x64.ActiveCfg = Debug|Any CPU
		{EB7BC531-EB19-4218-AEAD-49311F0C919F}.unsafe|x64.Build.0 = Debug|Any CPU
		{6DFAFDEF-9EF0-40F2-AA49-C7ECFD1A93C2}.Debug|Any CPU.ActiveCfg = Debug|Any CPU
		{6DFAFDEF-9EF0-40F2-AA49-C7ECFD1A93C2}.Debug|Any CPU.Build.0 = Debug|Any CPU
		{6DFAFDEF-9EF0-40F2-AA49-C7ECFD1A93C2}.Debug|x64.ActiveCfg = Debug|Any CPU
		{6DFAFDEF-9EF0-40F2-AA49-C7ECFD1A93C2}.Debug|x64.Build.0 = Debug|Any CPU
		{6DFAFDEF-9EF0-40F2-AA49-C7ECFD1A93C2}.Release|Any CPU.ActiveCfg = Release|Any CPU
		{6DFAFDEF-9EF0-40F2-AA49-C7ECFD1A93C2}.Release|Any CPU.Build.0 = Release|Any CPU
		{6DFAFDEF-9EF0-40F2-AA49-C7ECFD1A93C2}.Release|x64.ActiveCfg = Release|Any CPU
		{6DFAFDEF-9EF0-40F2-AA49-C7ECFD1A93C2}.Release|x64.Build.0 = Release|Any CPU
		{6DFAFDEF-9EF0-40F2-AA49-C7ECFD1A93C2}.unsafe|Any CPU.ActiveCfg = Debug|Any CPU
		{6DFAFDEF-9EF0-40F2-AA49-C7ECFD1A93C2}.unsafe|Any CPU.Build.0 = Debug|Any CPU
		{6DFAFDEF-9EF0-40F2-AA49-C7ECFD1A93C2}.unsafe|x64.ActiveCfg = Debug|Any CPU
		{6DFAFDEF-9EF0-40F2-AA49-C7ECFD1A93C2}.unsafe|x64.Build.0 = Debug|Any CPU
	EndGlobalSection
	GlobalSection(SolutionProperties) = preSolution
		HideSolutionNode = FALSE
	EndGlobalSection
	GlobalSection(ExtensibilityGlobals) = postSolution
		SolutionGuid = {B54A5E3E-1FD9-466E-90E3-156515C3D2B2}
	EndGlobalSection
EndGlobal
